// !$*UTF8*$!
{
	archiveVersion = 1;
	classes = {
	};
	objectVersion = 56;
	objects = {

/* Begin PBXBuildFile section */
		C7D3A8C729377BCB002DBB5C /* TodayFeedCell.swift in Sources */ = {isa = PBXBuildFile; fileRef = C7D3A8C629377BCB002DBB5C /* TodayFeedCell.swift */; };
		C7D3A8C929377C23002DBB5C /* TodayFeedsDataSource.swift in Sources */ = {isa = PBXBuildFile; fileRef = C7D3A8C829377C23002DBB5C /* TodayFeedsDataSource.swift */; };
		C7D3A8CB29378943002DBB5C /* AppFullScreenController.swift in Sources */ = {isa = PBXBuildFile; fileRef = C7D3A8CA29378943002DBB5C /* AppFullScreenController.swift */; };
		C7D3A8CD2937959B002DBB5C /* AppFullScreenDescriptionCell.swift in Sources */ = {isa = PBXBuildFile; fileRef = C7D3A8CC2937959B002DBB5C /* AppFullScreenDescriptionCell.swift */; };
		C7D3A8CF293795A7002DBB5C /* BaseTableCell.swift in Sources */ = {isa = PBXBuildFile; fileRef = C7D3A8CE293795A7002DBB5C /* BaseTableCell.swift */; };
		C7D3A8D129379717002DBB5C /* UITableView+Extension.swift in Sources */ = {isa = PBXBuildFile; fileRef = C7D3A8D029379717002DBB5C /* UITableView+Extension.swift */; };
		C7D3A8D32937A709002DBB5C /* AppFullScreenHeaderCell.swift in Sources */ = {isa = PBXBuildFile; fileRef = C7D3A8D22937A709002DBB5C /* AppFullScreenHeaderCell.swift */; };
		C7E0A9CD2927AF1600FC7A38 /* AppDelegate.swift in Sources */ = {isa = PBXBuildFile; fileRef = C7E0A9CC2927AF1600FC7A38 /* AppDelegate.swift */; };
		C7E0A9D62927AF1900FC7A38 /* Assets.xcassets in Resources */ = {isa = PBXBuildFile; fileRef = C7E0A9D52927AF1900FC7A38 /* Assets.xcassets */; };
		C7E0A9D92927AF1900FC7A38 /* LaunchScreen.storyboard in Resources */ = {isa = PBXBuildFile; fileRef = C7E0A9D72927AF1900FC7A38 /* LaunchScreen.storyboard */; };
		C7E0A9E72927B98B00FC7A38 /* AppTabBarController.swift in Sources */ = {isa = PBXBuildFile; fileRef = C7E0A9E62927B98B00FC7A38 /* AppTabBarController.swift */; };
		C7E0A9E92927B9B600FC7A38 /* TodayHomeController.swift in Sources */ = {isa = PBXBuildFile; fileRef = C7E0A9E82927B9B600FC7A38 /* TodayHomeController.swift */; };
		C7E0A9EC2927B9DC00FC7A38 /* AppsHomeController.swift in Sources */ = {isa = PBXBuildFile; fileRef = C7E0A9EB2927B9DC00FC7A38 /* AppsHomeController.swift */; };
		C7E0A9EE2927B9FE00FC7A38 /* SearchHomeController.swift in Sources */ = {isa = PBXBuildFile; fileRef = C7E0A9ED2927B9FE00FC7A38 /* SearchHomeController.swift */; };
		C7E0A9F02927C91100FC7A38 /* BaseCollectionCell.swift in Sources */ = {isa = PBXBuildFile; fileRef = C7E0A9EF2927C91100FC7A38 /* BaseCollectionCell.swift */; };
		C7E0A9F22927C95500FC7A38 /* SearchCollectionCell.swift in Sources */ = {isa = PBXBuildFile; fileRef = C7E0A9F12927C95500FC7A38 /* SearchCollectionCell.swift */; };
		C7E0A9F52927CA8100FC7A38 /* UICollectionViewCell+Extension.swift in Sources */ = {isa = PBXBuildFile; fileRef = C7E0A9F42927CA8100FC7A38 /* UICollectionViewCell+Extension.swift */; };
		C7E0A9F72927CFEE00FC7A38 /* UICollectionView+Extension.swift in Sources */ = {isa = PBXBuildFile; fileRef = C7E0A9F62927CFEE00FC7A38 /* UICollectionView+Extension.swift */; };
		C7E0A9FA2927D34700FC7A38 /* SnapKit in Frameworks */ = {isa = PBXBuildFile; productRef = C7E0A9F92927D34700FC7A38 /* SnapKit */; };
		C7E0A9FC2927D37F00FC7A38 /* UIView+Extension.swift in Sources */ = {isa = PBXBuildFile; fileRef = C7E0A9FB2927D37F00FC7A38 /* UIView+Extension.swift */; };
		C7E0A9FF2927DD1A00FC7A38 /* VerticalStack.swift in Sources */ = {isa = PBXBuildFile; fileRef = C7E0A9FE2927DD1A00FC7A38 /* VerticalStack.swift */; };
		C7E0AA012927E72F00FC7A38 /* UIFont+Extension.swift in Sources */ = {isa = PBXBuildFile; fileRef = C7E0AA002927E72F00FC7A38 /* UIFont+Extension.swift */; };
		C7E0AA042927ED9900FC7A38 /* SDWebImage in Frameworks */ = {isa = PBXBuildFile; productRef = C7E0AA032927ED9900FC7A38 /* SDWebImage */; };
		C7E0AA072927EFC900FC7A38 /* NetworkEndpoint.swift in Sources */ = {isa = PBXBuildFile; fileRef = C7E0AA062927EFC900FC7A38 /* NetworkEndpoint.swift */; };
		C7E0AA092927EFD500FC7A38 /* NetworkManager.swift in Sources */ = {isa = PBXBuildFile; fileRef = C7E0AA082927EFD500FC7A38 /* NetworkManager.swift */; };
		C7E0AA0B2927F25400FC7A38 /* NetworkError.swift in Sources */ = {isa = PBXBuildFile; fileRef = C7E0AA0A2927F25400FC7A38 /* NetworkError.swift */; };
		C7E0AA0E2927F2CB00FC7A38 /* Reachability in Frameworks */ = {isa = PBXBuildFile; productRef = C7E0AA0D2927F2CB00FC7A38 /* Reachability */; };
		C7E0AA102927F2F300FC7A38 /* NetworkReachability.swift in Sources */ = {isa = PBXBuildFile; fileRef = C7E0AA0F2927F2F300FC7A38 /* NetworkReachability.swift */; };
		C7E0AA122927F33900FC7A38 /* Notification+Extension.swift in Sources */ = {isa = PBXBuildFile; fileRef = C7E0AA112927F33900FC7A38 /* Notification+Extension.swift */; };
		C7E0AA152927F3A900FC7A38 /* CocoaLumberjackSwift in Frameworks */ = {isa = PBXBuildFile; productRef = C7E0AA142927F3A900FC7A38 /* CocoaLumberjackSwift */; };
		C7E0AA182927F3D900FC7A38 /* Logger.swift in Sources */ = {isa = PBXBuildFile; fileRef = C7E0AA172927F3D900FC7A38 /* Logger.swift */; };
		C7E0AA1A2927F4E700FC7A38 /* String+Extension.swift in Sources */ = {isa = PBXBuildFile; fileRef = C7E0AA192927F4E700FC7A38 /* String+Extension.swift */; };
		C7E0AA1C2927F66800FC7A38 /* NetworkKeys.swift in Sources */ = {isa = PBXBuildFile; fileRef = C7E0AA1B2927F66800FC7A38 /* NetworkKeys.swift */; };
		C7E0AA1E2927F6C900FC7A38 /* RequestFactory.swift in Sources */ = {isa = PBXBuildFile; fileRef = C7E0AA1D2927F6C900FC7A38 /* RequestFactory.swift */; };
		C7E0AA202927F7F100FC7A38 /* Data+Extension.swift in Sources */ = {isa = PBXBuildFile; fileRef = C7E0AA1F2927F7F100FC7A38 /* Data+Extension.swift */; };
		C7E0AA222927F82D00FC7A38 /* SearchHomeDataSource.swift in Sources */ = {isa = PBXBuildFile; fileRef = C7E0AA212927F82D00FC7A38 /* SearchHomeDataSource.swift */; };
		C7E0AA24292A636A00FC7A38 /* BaseCollectionListController.swift in Sources */ = {isa = PBXBuildFile; fileRef = C7E0AA23292A636A00FC7A38 /* BaseCollectionListController.swift */; };
		C7E0AA26292A77A900FC7A38 /* AppsGroupCollectionCell.swift in Sources */ = {isa = PBXBuildFile; fileRef = C7E0AA25292A77A900FC7A38 /* AppsGroupCollectionCell.swift */; };
		C7E0AA28292A787600FC7A38 /* UILabel+Extension.swift in Sources */ = {isa = PBXBuildFile; fileRef = C7E0AA27292A787600FC7A38 /* UILabel+Extension.swift */; };
		C7E0AA2A292A7A3E00FC7A38 /* AppsHorizontalListController.swift in Sources */ = {isa = PBXBuildFile; fileRef = C7E0AA29292A7A3E00FC7A38 /* AppsHorizontalListController.swift */; };
		C7E0AA2C292A7A8400FC7A38 /* AppHorizontalRowCell.swift in Sources */ = {isa = PBXBuildFile; fileRef = C7E0AA2B292A7A8400FC7A38 /* AppHorizontalRowCell.swift */; };
		C7E0AA2E292A84D000FC7A38 /* UIImageView+Extension.swift in Sources */ = {isa = PBXBuildFile; fileRef = C7E0AA2D292A84D000FC7A38 /* UIImageView+Extension.swift */; };
		C7E0AA30292A8CB300FC7A38 /* AppsCollectionHeaderView.swift in Sources */ = {isa = PBXBuildFile; fileRef = C7E0AA2F292A8CB300FC7A38 /* AppsCollectionHeaderView.swift */; };
		C7E0AA32292A920100FC7A38 /* AppsHeaderCollectionCell.swift in Sources */ = {isa = PBXBuildFile; fileRef = C7E0AA31292A920100FC7A38 /* AppsHeaderCollectionCell.swift */; };
		C7E0AA34292A922600FC7A38 /* AppsHeaderController.swift in Sources */ = {isa = PBXBuildFile; fileRef = C7E0AA33292A922600FC7A38 /* AppsHeaderController.swift */; };
		C7E0AA36292B766F00FC7A38 /* AppsHomeDataSource.swift in Sources */ = {isa = PBXBuildFile; fileRef = C7E0AA35292B766F00FC7A38 /* AppsHomeDataSource.swift */; };
		C7E0AA38292CB94300FC7A38 /* BaseHorizontalListController.swift in Sources */ = {isa = PBXBuildFile; fileRef = C7E0AA37292CB94300FC7A38 /* BaseHorizontalListController.swift */; };
		C7E0AA3A292CB9A600FC7A38 /* SnappingCollectionLayout.swift in Sources */ = {isa = PBXBuildFile; fileRef = C7E0AA39292CB9A600FC7A38 /* SnappingCollectionLayout.swift */; };
		C7E0AA3D292CC12000FC7A38 /* AppDetailController.swift in Sources */ = {isa = PBXBuildFile; fileRef = C7E0AA3C292CC12000FC7A38 /* AppDetailController.swift */; };
		C7EAD410292DFD2A009D5561 /* AppDetailDataSource.swift in Sources */ = {isa = PBXBuildFile; fileRef = C7EAD40F292DFD2A009D5561 /* AppDetailDataSource.swift */; };
		C7EAD412292E03CD009D5561 /* AppDetailsInfoCell.swift in Sources */ = {isa = PBXBuildFile; fileRef = C7EAD411292E03CD009D5561 /* AppDetailsInfoCell.swift */; };
		C7EAD414292E0D29009D5561 /* UIStackView+Extension.swift in Sources */ = {isa = PBXBuildFile; fileRef = C7EAD413292E0D29009D5561 /* UIStackView+Extension.swift */; };
		C7EAD416292F6BBB009D5561 /* AppScreenshotsPreviewCell.swift in Sources */ = {isa = PBXBuildFile; fileRef = C7EAD415292F6BBB009D5561 /* AppScreenshotsPreviewCell.swift */; };
		C7EAD418292F6C08009D5561 /* AppScreenshotsPreviewController.swift in Sources */ = {isa = PBXBuildFile; fileRef = C7EAD417292F6C08009D5561 /* AppScreenshotsPreviewController.swift */; };
		C7EAD41A292F6C4F009D5561 /* AppScreenshotPreviewCell.swift in Sources */ = {isa = PBXBuildFile; fileRef = C7EAD419292F6C4F009D5561 /* AppScreenshotPreviewCell.swift */; };
		C7EAD41C292F94CE009D5561 /* AppReviewsCell.swift in Sources */ = {isa = PBXBuildFile; fileRef = C7EAD41B292F94CE009D5561 /* AppReviewsCell.swift */; };
		C7EAD41E292F950D009D5561 /* AppReviewListController.swift in Sources */ = {isa = PBXBuildFile; fileRef = C7EAD41D292F950D009D5561 /* AppReviewListController.swift */; };
		C7EAD420292F9521009D5561 /* AppReviewCell.swift in Sources */ = {isa = PBXBuildFile; fileRef = C7EAD41F292F9521009D5561 /* AppReviewCell.swift */; };
/* End PBXBuildFile section */

/* Begin PBXFileReference section */
		C7D3A8C629377BCB002DBB5C /* TodayFeedCell.swift */ = {isa = PBXFileReference; lastKnownFileType = sourcecode.swift; path = TodayFeedCell.swift; sourceTree = "<group>"; };
		C7D3A8C829377C23002DBB5C /* TodayFeedsDataSource.swift */ = {isa = PBXFileReference; lastKnownFileType = sourcecode.swift; path = TodayFeedsDataSource.swift; sourceTree = "<group>"; };
		C7D3A8CA29378943002DBB5C /* AppFullScreenController.swift */ = {isa = PBXFileReference; lastKnownFileType = sourcecode.swift; path = AppFullScreenController.swift; sourceTree = "<group>"; };
		C7D3A8CC2937959B002DBB5C /* AppFullScreenDescriptionCell.swift */ = {isa = PBXFileReference; lastKnownFileType = sourcecode.swift; path = AppFullScreenDescriptionCell.swift; sourceTree = "<group>"; };
		C7D3A8CE293795A7002DBB5C /* BaseTableCell.swift */ = {isa = PBXFileReference; lastKnownFileType = sourcecode.swift; path = BaseTableCell.swift; sourceTree = "<group>"; };
		C7D3A8D029379717002DBB5C /* UITableView+Extension.swift */ = {isa = PBXFileReference; lastKnownFileType = sourcecode.swift; path = "UITableView+Extension.swift"; sourceTree = "<group>"; };
		C7D3A8D22937A709002DBB5C /* AppFullScreenHeaderCell.swift */ = {isa = PBXFileReference; lastKnownFileType = sourcecode.swift; path = AppFullScreenHeaderCell.swift; sourceTree = "<group>"; };
		C7E0A9C92927AF1600FC7A38 /* AppStore.app */ = {isa = PBXFileReference; explicitFileType = wrapper.application; includeInIndex = 0; path = AppStore.app; sourceTree = BUILT_PRODUCTS_DIR; };
		C7E0A9CC2927AF1600FC7A38 /* AppDelegate.swift */ = {isa = PBXFileReference; lastKnownFileType = sourcecode.swift; path = AppDelegate.swift; sourceTree = "<group>"; };
		C7E0A9D52927AF1900FC7A38 /* Assets.xcassets */ = {isa = PBXFileReference; lastKnownFileType = folder.assetcatalog; path = Assets.xcassets; sourceTree = "<group>"; };
		C7E0A9D82927AF1900FC7A38 /* Base */ = {isa = PBXFileReference; lastKnownFileType = file.storyboard; name = Base; path = Base.lproj/LaunchScreen.storyboard; sourceTree = "<group>"; };
		C7E0A9DA2927AF1900FC7A38 /* Info.plist */ = {isa = PBXFileReference; lastKnownFileType = text.plist.xml; path = Info.plist; sourceTree = "<group>"; };
		C7E0A9E62927B98B00FC7A38 /* AppTabBarController.swift */ = {isa = PBXFileReference; lastKnownFileType = sourcecode.swift; path = AppTabBarController.swift; sourceTree = "<group>"; };
		C7E0A9E82927B9B600FC7A38 /* TodayHomeController.swift */ = {isa = PBXFileReference; lastKnownFileType = sourcecode.swift; path = TodayHomeController.swift; sourceTree = "<group>"; };
		C7E0A9EB2927B9DC00FC7A38 /* AppsHomeController.swift */ = {isa = PBXFileReference; lastKnownFileType = sourcecode.swift; path = AppsHomeController.swift; sourceTree = "<group>"; };
		C7E0A9ED2927B9FE00FC7A38 /* SearchHomeController.swift */ = {isa = PBXFileReference; lastKnownFileType = sourcecode.swift; path = SearchHomeController.swift; sourceTree = "<group>"; };
		C7E0A9EF2927C91100FC7A38 /* BaseCollectionCell.swift */ = {isa = PBXFileReference; lastKnownFileType = sourcecode.swift; path = BaseCollectionCell.swift; sourceTree = "<group>"; };
		C7E0A9F12927C95500FC7A38 /* SearchCollectionCell.swift */ = {isa = PBXFileReference; lastKnownFileType = sourcecode.swift; path = SearchCollectionCell.swift; sourceTree = "<group>"; };
		C7E0A9F42927CA8100FC7A38 /* UICollectionViewCell+Extension.swift */ = {isa = PBXFileReference; lastKnownFileType = sourcecode.swift; path = "UICollectionViewCell+Extension.swift"; sourceTree = "<group>"; };
		C7E0A9F62927CFEE00FC7A38 /* UICollectionView+Extension.swift */ = {isa = PBXFileReference; lastKnownFileType = sourcecode.swift; path = "UICollectionView+Extension.swift"; sourceTree = "<group>"; };
		C7E0A9FB2927D37F00FC7A38 /* UIView+Extension.swift */ = {isa = PBXFileReference; lastKnownFileType = sourcecode.swift; path = "UIView+Extension.swift"; sourceTree = "<group>"; };
		C7E0A9FE2927DD1A00FC7A38 /* VerticalStack.swift */ = {isa = PBXFileReference; lastKnownFileType = sourcecode.swift; path = VerticalStack.swift; sourceTree = "<group>"; };
		C7E0AA002927E72F00FC7A38 /* UIFont+Extension.swift */ = {isa = PBXFileReference; lastKnownFileType = sourcecode.swift; path = "UIFont+Extension.swift"; sourceTree = "<group>"; };
		C7E0AA062927EFC900FC7A38 /* NetworkEndpoint.swift */ = {isa = PBXFileReference; lastKnownFileType = sourcecode.swift; path = NetworkEndpoint.swift; sourceTree = "<group>"; };
		C7E0AA082927EFD500FC7A38 /* NetworkManager.swift */ = {isa = PBXFileReference; lastKnownFileType = sourcecode.swift; path = NetworkManager.swift; sourceTree = "<group>"; };
		C7E0AA0A2927F25400FC7A38 /* NetworkError.swift */ = {isa = PBXFileReference; lastKnownFileType = sourcecode.swift; path = NetworkError.swift; sourceTree = "<group>"; };
		C7E0AA0F2927F2F300FC7A38 /* NetworkReachability.swift */ = {isa = PBXFileReference; lastKnownFileType = sourcecode.swift; path = NetworkReachability.swift; sourceTree = "<group>"; };
		C7E0AA112927F33900FC7A38 /* Notification+Extension.swift */ = {isa = PBXFileReference; lastKnownFileType = sourcecode.swift; path = "Notification+Extension.swift"; sourceTree = "<group>"; };
		C7E0AA172927F3D900FC7A38 /* Logger.swift */ = {isa = PBXFileReference; lastKnownFileType = sourcecode.swift; path = Logger.swift; sourceTree = "<group>"; };
		C7E0AA192927F4E700FC7A38 /* String+Extension.swift */ = {isa = PBXFileReference; lastKnownFileType = sourcecode.swift; path = "String+Extension.swift"; sourceTree = "<group>"; };
		C7E0AA1B2927F66800FC7A38 /* NetworkKeys.swift */ = {isa = PBXFileReference; lastKnownFileType = sourcecode.swift; path = NetworkKeys.swift; sourceTree = "<group>"; };
		C7E0AA1D2927F6C900FC7A38 /* RequestFactory.swift */ = {isa = PBXFileReference; lastKnownFileType = sourcecode.swift; path = RequestFactory.swift; sourceTree = "<group>"; };
		C7E0AA1F2927F7F100FC7A38 /* Data+Extension.swift */ = {isa = PBXFileReference; lastKnownFileType = sourcecode.swift; path = "Data+Extension.swift"; sourceTree = "<group>"; };
		C7E0AA212927F82D00FC7A38 /* SearchHomeDataSource.swift */ = {isa = PBXFileReference; lastKnownFileType = sourcecode.swift; path = SearchHomeDataSource.swift; sourceTree = "<group>"; };
		C7E0AA23292A636A00FC7A38 /* BaseCollectionListController.swift */ = {isa = PBXFileReference; lastKnownFileType = sourcecode.swift; path = BaseCollectionListController.swift; sourceTree = "<group>"; };
		C7E0AA25292A77A900FC7A38 /* AppsGroupCollectionCell.swift */ = {isa = PBXFileReference; lastKnownFileType = sourcecode.swift; path = AppsGroupCollectionCell.swift; sourceTree = "<group>"; };
		C7E0AA27292A787600FC7A38 /* UILabel+Extension.swift */ = {isa = PBXFileReference; lastKnownFileType = sourcecode.swift; path = "UILabel+Extension.swift"; sourceTree = "<group>"; };
		C7E0AA29292A7A3E00FC7A38 /* AppsHorizontalListController.swift */ = {isa = PBXFileReference; lastKnownFileType = sourcecode.swift; path = AppsHorizontalListController.swift; sourceTree = "<group>"; };
		C7E0AA2B292A7A8400FC7A38 /* AppHorizontalRowCell.swift */ = {isa = PBXFileReference; lastKnownFileType = sourcecode.swift; path = AppHorizontalRowCell.swift; sourceTree = "<group>"; };
		C7E0AA2D292A84D000FC7A38 /* UIImageView+Extension.swift */ = {isa = PBXFileReference; lastKnownFileType = sourcecode.swift; path = "UIImageView+Extension.swift"; sourceTree = "<group>"; };
		C7E0AA2F292A8CB300FC7A38 /* AppsCollectionHeaderView.swift */ = {isa = PBXFileReference; lastKnownFileType = sourcecode.swift; path = AppsCollectionHeaderView.swift; sourceTree = "<group>"; };
		C7E0AA31292A920100FC7A38 /* AppsHeaderCollectionCell.swift */ = {isa = PBXFileReference; lastKnownFileType = sourcecode.swift; path = AppsHeaderCollectionCell.swift; sourceTree = "<group>"; };
		C7E0AA33292A922600FC7A38 /* AppsHeaderController.swift */ = {isa = PBXFileReference; lastKnownFileType = sourcecode.swift; path = AppsHeaderController.swift; sourceTree = "<group>"; };
		C7E0AA35292B766F00FC7A38 /* AppsHomeDataSource.swift */ = {isa = PBXFileReference; lastKnownFileType = sourcecode.swift; path = AppsHomeDataSource.swift; sourceTree = "<group>"; };
		C7E0AA37292CB94300FC7A38 /* BaseHorizontalListController.swift */ = {isa = PBXFileReference; lastKnownFileType = sourcecode.swift; path = BaseHorizontalListController.swift; sourceTree = "<group>"; };
		C7E0AA39292CB9A600FC7A38 /* SnappingCollectionLayout.swift */ = {isa = PBXFileReference; lastKnownFileType = sourcecode.swift; path = SnappingCollectionLayout.swift; sourceTree = "<group>"; };
		C7E0AA3C292CC12000FC7A38 /* AppDetailController.swift */ = {isa = PBXFileReference; lastKnownFileType = sourcecode.swift; path = AppDetailController.swift; sourceTree = "<group>"; };
		C7EAD40F292DFD2A009D5561 /* AppDetailDataSource.swift */ = {isa = PBXFileReference; lastKnownFileType = sourcecode.swift; path = AppDetailDataSource.swift; sourceTree = "<group>"; };
		C7EAD411292E03CD009D5561 /* AppDetailsInfoCell.swift */ = {isa = PBXFileReference; lastKnownFileType = sourcecode.swift; path = AppDetailsInfoCell.swift; sourceTree = "<group>"; };
		C7EAD413292E0D29009D5561 /* UIStackView+Extension.swift */ = {isa = PBXFileReference; lastKnownFileType = sourcecode.swift; path = "UIStackView+Extension.swift"; sourceTree = "<group>"; };
		C7EAD415292F6BBB009D5561 /* AppScreenshotsPreviewCell.swift */ = {isa = PBXFileReference; lastKnownFileType = sourcecode.swift; path = AppScreenshotsPreviewCell.swift; sourceTree = "<group>"; };
		C7EAD417292F6C08009D5561 /* AppScreenshotsPreviewController.swift */ = {isa = PBXFileReference; lastKnownFileType = sourcecode.swift; path = AppScreenshotsPreviewController.swift; sourceTree = "<group>"; };
		C7EAD419292F6C4F009D5561 /* AppScreenshotPreviewCell.swift */ = {isa = PBXFileReference; lastKnownFileType = sourcecode.swift; path = AppScreenshotPreviewCell.swift; sourceTree = "<group>"; };
		C7EAD41B292F94CE009D5561 /* AppReviewsCell.swift */ = {isa = PBXFileReference; lastKnownFileType = sourcecode.swift; path = AppReviewsCell.swift; sourceTree = "<group>"; };
		C7EAD41D292F950D009D5561 /* AppReviewListController.swift */ = {isa = PBXFileReference; lastKnownFileType = sourcecode.swift; path = AppReviewListController.swift; sourceTree = "<group>"; };
		C7EAD41F292F9521009D5561 /* AppReviewCell.swift */ = {isa = PBXFileReference; lastKnownFileType = sourcecode.swift; path = AppReviewCell.swift; sourceTree = "<group>"; };
/* End PBXFileReference section */

/* Begin PBXFrameworksBuildPhase section */
		C7E0A9C62927AF1600FC7A38 /* Frameworks */ = {
			isa = PBXFrameworksBuildPhase;
			buildActionMask = 2147483647;
			files = (
				C7E0AA042927ED9900FC7A38 /* SDWebImage in Frameworks */,
				C7E0AA0E2927F2CB00FC7A38 /* Reachability in Frameworks */,
				C7E0AA152927F3A900FC7A38 /* CocoaLumberjackSwift in Frameworks */,
				C7E0A9FA2927D34700FC7A38 /* SnapKit in Frameworks */,
			);
			runOnlyForDeploymentPostprocessing = 0;
		};
/* End PBXFrameworksBuildPhase section */

/* Begin PBXGroup section */
		C7E0A9C02927AF1600FC7A38 = {
			isa = PBXGroup;
			children = (
				C7E0A9CB2927AF1600FC7A38 /* AppStore */,
				C7E0A9CA2927AF1600FC7A38 /* Products */,
			);
			sourceTree = "<group>";
		};
		C7E0A9CA2927AF1600FC7A38 /* Products */ = {
			isa = PBXGroup;
			children = (
				C7E0A9C92927AF1600FC7A38 /* AppStore.app */,
			);
			name = Products;
			sourceTree = "<group>";
		};
		C7E0A9CB2927AF1600FC7A38 /* AppStore */ = {
			isa = PBXGroup;
			children = (
				C7E0AA162927F3CB00FC7A38 /* Manager */,
				C7E0AA052927EF8400FC7A38 /* Networking */,
				C7E0A9FD2927DCF000FC7A38 /* Subclass */,
				C7E0A9F32927C9E400FC7A38 /* Extension */,
				C7E0A9E02927B8E900FC7A38 /* AppDelegate */,
				C7E0A9E12927B90100FC7A38 /* Base */,
				C7E0A9E22927B91000FC7A38 /* Module */,
				C7E0A9DA2927AF1900FC7A38 /* Info.plist */,
				C7E0A9D52927AF1900FC7A38 /* Assets.xcassets */,
				C7E0A9D72927AF1900FC7A38 /* LaunchScreen.storyboard */,
			);
			path = AppStore;
			sourceTree = "<group>";
		};
		C7E0A9E02927B8E900FC7A38 /* AppDelegate */ = {
			isa = PBXGroup;
			children = (
				C7E0A9CC2927AF1600FC7A38 /* AppDelegate.swift */,
			);
			path = AppDelegate;
			sourceTree = "<group>";
		};
		C7E0A9E12927B90100FC7A38 /* Base */ = {
			isa = PBXGroup;
			children = (
				C7E0A9E62927B98B00FC7A38 /* AppTabBarController.swift */,
				C7E0A9EF2927C91100FC7A38 /* BaseCollectionCell.swift */,
				C7E0AA23292A636A00FC7A38 /* BaseCollectionListController.swift */,
				C7E0AA37292CB94300FC7A38 /* BaseHorizontalListController.swift */,
				C7D3A8CE293795A7002DBB5C /* BaseTableCell.swift */,
			);
			path = Base;
			sourceTree = "<group>";
		};
		C7E0A9E22927B91000FC7A38 /* Module */ = {
			isa = PBXGroup;
			children = (
				C7E0AA3B292CC0FF00FC7A38 /* App Details */,
				C7E0A9E32927B91800FC7A38 /* Today */,
				C7E0A9E42927B92100FC7A38 /* Apps */,
				C7E0A9E52927B92900FC7A38 /* Search */,
			);
			path = Module;
			sourceTree = "<group>";
		};
		C7E0A9E32927B91800FC7A38 /* Today */ = {
			isa = PBXGroup;
			children = (
				C7E0A9E82927B9B600FC7A38 /* TodayHomeController.swift */,
				C7D3A8C629377BCB002DBB5C /* TodayFeedCell.swift */,
				C7D3A8C829377C23002DBB5C /* TodayFeedsDataSource.swift */,
				C7D3A8CA29378943002DBB5C /* AppFullScreenController.swift */,
				C7D3A8CC2937959B002DBB5C /* AppFullScreenDescriptionCell.swift */,
				C7D3A8D22937A709002DBB5C /* AppFullScreenHeaderCell.swift */,
			);
			path = Today;
			sourceTree = "<group>";
		};
		C7E0A9E42927B92100FC7A38 /* Apps */ = {
			isa = PBXGroup;
			children = (
				C7E0A9EB2927B9DC00FC7A38 /* AppsHomeController.swift */,
				C7E0AA25292A77A900FC7A38 /* AppsGroupCollectionCell.swift */,
				C7E0AA29292A7A3E00FC7A38 /* AppsHorizontalListController.swift */,
				C7E0AA2B292A7A8400FC7A38 /* AppHorizontalRowCell.swift */,
				C7E0AA2F292A8CB300FC7A38 /* AppsCollectionHeaderView.swift */,
				C7E0AA31292A920100FC7A38 /* AppsHeaderCollectionCell.swift */,
				C7E0AA33292A922600FC7A38 /* AppsHeaderController.swift */,
				C7E0AA35292B766F00FC7A38 /* AppsHomeDataSource.swift */,
			);
			path = Apps;
			sourceTree = "<group>";
		};
		C7E0A9E52927B92900FC7A38 /* Search */ = {
			isa = PBXGroup;
			children = (
				C7E0A9ED2927B9FE00FC7A38 /* SearchHomeController.swift */,
				C7E0A9F12927C95500FC7A38 /* SearchCollectionCell.swift */,
				C7E0AA212927F82D00FC7A38 /* SearchHomeDataSource.swift */,
			);
			path = Search;
			sourceTree = "<group>";
		};
		C7E0A9F32927C9E400FC7A38 /* Extension */ = {
			isa = PBXGroup;
			children = (
				C7E0A9F42927CA8100FC7A38 /* UICollectionViewCell+Extension.swift */,
				C7E0A9F62927CFEE00FC7A38 /* UICollectionView+Extension.swift */,
				C7E0A9FB2927D37F00FC7A38 /* UIView+Extension.swift */,
				C7E0AA002927E72F00FC7A38 /* UIFont+Extension.swift */,
				C7E0AA112927F33900FC7A38 /* Notification+Extension.swift */,
				C7E0AA192927F4E700FC7A38 /* String+Extension.swift */,
				C7E0AA1F2927F7F100FC7A38 /* Data+Extension.swift */,
				C7E0AA27292A787600FC7A38 /* UILabel+Extension.swift */,
				C7E0AA2D292A84D000FC7A38 /* UIImageView+Extension.swift */,
				C7EAD413292E0D29009D5561 /* UIStackView+Extension.swift */,
				C7D3A8D029379717002DBB5C /* UITableView+Extension.swift */,
			);
			path = Extension;
			sourceTree = "<group>";
		};
		C7E0A9FD2927DCF000FC7A38 /* Subclass */ = {
			isa = PBXGroup;
			children = (
				C7E0A9FE2927DD1A00FC7A38 /* VerticalStack.swift */,
				C7E0AA39292CB9A600FC7A38 /* SnappingCollectionLayout.swift */,
			);
			path = Subclass;
			sourceTree = "<group>";
		};
		C7E0AA052927EF8400FC7A38 /* Networking */ = {
			isa = PBXGroup;
			children = (
				C7E0AA062927EFC900FC7A38 /* NetworkEndpoint.swift */,
				C7E0AA082927EFD500FC7A38 /* NetworkManager.swift */,
				C7E0AA0A2927F25400FC7A38 /* NetworkError.swift */,
				C7E0AA0F2927F2F300FC7A38 /* NetworkReachability.swift */,
				C7E0AA1B2927F66800FC7A38 /* NetworkKeys.swift */,
				C7E0AA1D2927F6C900FC7A38 /* RequestFactory.swift */,
			);
			path = Networking;
			sourceTree = "<group>";
		};
		C7E0AA162927F3CB00FC7A38 /* Manager */ = {
			isa = PBXGroup;
			children = (
				C7E0AA172927F3D900FC7A38 /* Logger.swift */,
			);
			path = Manager;
			sourceTree = "<group>";
		};
		C7E0AA3B292CC0FF00FC7A38 /* App Details */ = {
			isa = PBXGroup;
			children = (
				C7E0AA3C292CC12000FC7A38 /* AppDetailController.swift */,
				C7EAD40F292DFD2A009D5561 /* AppDetailDataSource.swift */,
				C7EAD411292E03CD009D5561 /* AppDetailsInfoCell.swift */,
				C7EAD415292F6BBB009D5561 /* AppScreenshotsPreviewCell.swift */,
				C7EAD417292F6C08009D5561 /* AppScreenshotsPreviewController.swift */,
				C7EAD419292F6C4F009D5561 /* AppScreenshotPreviewCell.swift */,
				C7EAD41B292F94CE009D5561 /* AppReviewsCell.swift */,
				C7EAD41D292F950D009D5561 /* AppReviewListController.swift */,
				C7EAD41F292F9521009D5561 /* AppReviewCell.swift */,
			);
			path = "App Details";
			sourceTree = "<group>";
		};
/* End PBXGroup section */

/* Begin PBXNativeTarget section */
		C7E0A9C82927AF1600FC7A38 /* AppStore */ = {
			isa = PBXNativeTarget;
			buildConfigurationList = C7E0A9DD2927AF1900FC7A38 /* Build configuration list for PBXNativeTarget "AppStore" */;
			buildPhases = (
				C7E0A9C52927AF1600FC7A38 /* Sources */,
				C7E0A9C62927AF1600FC7A38 /* Frameworks */,
				C7E0A9C72927AF1600FC7A38 /* Resources */,
			);
			buildRules = (
			);
			dependencies = (
			);
			name = AppStore;
			packageProductDependencies = (
				C7E0A9F92927D34700FC7A38 /* SnapKit */,
				C7E0AA032927ED9900FC7A38 /* SDWebImage */,
				C7E0AA0D2927F2CB00FC7A38 /* Reachability */,
				C7E0AA142927F3A900FC7A38 /* CocoaLumberjackSwift */,
			);
			productName = AppStore;
			productReference = C7E0A9C92927AF1600FC7A38 /* AppStore.app */;
			productType = "com.apple.product-type.application";
		};
/* End PBXNativeTarget section */

/* Begin PBXProject section */
		C7E0A9C12927AF1600FC7A38 /* Project object */ = {
			isa = PBXProject;
			attributes = {
				BuildIndependentTargetsInParallel = 1;
				LastSwiftUpdateCheck = 1410;
				LastUpgradeCheck = 1410;
				TargetAttributes = {
					C7E0A9C82927AF1600FC7A38 = {
						CreatedOnToolsVersion = 14.1;
					};
				};
			};
			buildConfigurationList = C7E0A9C42927AF1600FC7A38 /* Build configuration list for PBXProject "AppStore" */;
			compatibilityVersion = "Xcode 14.0";
			developmentRegion = en;
			hasScannedForEncodings = 0;
			knownRegions = (
				en,
				Base,
			);
			mainGroup = C7E0A9C02927AF1600FC7A38;
			packageReferences = (
				C7E0A9F82927D34700FC7A38 /* XCRemoteSwiftPackageReference "SnapKit" */,
				C7E0AA022927ED9900FC7A38 /* XCRemoteSwiftPackageReference "SDWebImage" */,
				C7E0AA0C2927F2CB00FC7A38 /* XCRemoteSwiftPackageReference "Reachability" */,
				C7E0AA132927F3A900FC7A38 /* XCRemoteSwiftPackageReference "CocoaLumberjack" */,
			);
			productRefGroup = C7E0A9CA2927AF1600FC7A38 /* Products */;
			projectDirPath = "";
			projectRoot = "";
			targets = (
				C7E0A9C82927AF1600FC7A38 /* AppStore */,
			);
		};
/* End PBXProject section */

/* Begin PBXResourcesBuildPhase section */
		C7E0A9C72927AF1600FC7A38 /* Resources */ = {
			isa = PBXResourcesBuildPhase;
			buildActionMask = 2147483647;
			files = (
				C7E0A9D92927AF1900FC7A38 /* LaunchScreen.storyboard in Resources */,
				C7E0A9D62927AF1900FC7A38 /* Assets.xcassets in Resources */,
			);
			runOnlyForDeploymentPostprocessing = 0;
		};
/* End PBXResourcesBuildPhase section */

/* Begin PBXSourcesBuildPhase section */
		C7E0A9C52927AF1600FC7A38 /* Sources */ = {
			isa = PBXSourcesBuildPhase;
			buildActionMask = 2147483647;
			files = (
				C7E0AA3D292CC12000FC7A38 /* AppDetailController.swift in Sources */,
				C7E0AA2C292A7A8400FC7A38 /* AppHorizontalRowCell.swift in Sources */,
				C7EAD418292F6C08009D5561 /* AppScreenshotsPreviewController.swift in Sources */,
				C7E0A9F72927CFEE00FC7A38 /* UICollectionView+Extension.swift in Sources */,
				C7D3A8CD2937959B002DBB5C /* AppFullScreenDescriptionCell.swift in Sources */,
				C7EAD41A292F6C4F009D5561 /* AppScreenshotPreviewCell.swift in Sources */,
				C7E0AA222927F82D00FC7A38 /* SearchHomeDataSource.swift in Sources */,
				C7E0AA072927EFC900FC7A38 /* NetworkEndpoint.swift in Sources */,
				C7E0A9EC2927B9DC00FC7A38 /* AppsHomeController.swift in Sources */,
				C7E0AA1E2927F6C900FC7A38 /* RequestFactory.swift in Sources */,
				C7D3A8C729377BCB002DBB5C /* TodayFeedCell.swift in Sources */,
				C7E0AA1A2927F4E700FC7A38 /* String+Extension.swift in Sources */,
				C7E0A9FF2927DD1A00FC7A38 /* VerticalStack.swift in Sources */,
				C7E0AA3A292CB9A600FC7A38 /* SnappingCollectionLayout.swift in Sources */,
				C7E0A9EE2927B9FE00FC7A38 /* SearchHomeController.swift in Sources */,
				C7E0A9CD2927AF1600FC7A38 /* AppDelegate.swift in Sources */,
				C7E0A9F22927C95500FC7A38 /* SearchCollectionCell.swift in Sources */,
				C7D3A8CB29378943002DBB5C /* AppFullScreenController.swift in Sources */,
				C7E0AA012927E72F00FC7A38 /* UIFont+Extension.swift in Sources */,
				C7E0A9F52927CA8100FC7A38 /* UICollectionViewCell+Extension.swift in Sources */,
				C7E0AA24292A636A00FC7A38 /* BaseCollectionListController.swift in Sources */,
				C7E0AA2E292A84D000FC7A38 /* UIImageView+Extension.swift in Sources */,
				C7E0AA1C2927F66800FC7A38 /* NetworkKeys.swift in Sources */,
				C7D3A8D129379717002DBB5C /* UITableView+Extension.swift in Sources */,
				C7E0AA0B2927F25400FC7A38 /* NetworkError.swift in Sources */,
				C7E0A9E72927B98B00FC7A38 /* AppTabBarController.swift in Sources */,
				C7E0AA26292A77A900FC7A38 /* AppsGroupCollectionCell.swift in Sources */,
				C7E0AA092927EFD500FC7A38 /* NetworkManager.swift in Sources */,
				C7D3A8CF293795A7002DBB5C /* BaseTableCell.swift in Sources */,
				C7E0AA38292CB94300FC7A38 /* BaseHorizontalListController.swift in Sources */,
				C7EAD414292E0D29009D5561 /* UIStackView+Extension.swift in Sources */,
				C7E0AA122927F33900FC7A38 /* Notification+Extension.swift in Sources */,
				C7E0AA30292A8CB300FC7A38 /* AppsCollectionHeaderView.swift in Sources */,
				C7D3A8D32937A709002DBB5C /* AppFullScreenHeaderCell.swift in Sources */,
				C7E0AA34292A922600FC7A38 /* AppsHeaderController.swift in Sources */,
				C7EAD410292DFD2A009D5561 /* AppDetailDataSource.swift in Sources */,
				C7E0AA182927F3D900FC7A38 /* Logger.swift in Sources */,
				C7EAD41E292F950D009D5561 /* AppReviewListController.swift in Sources */,
				C7EAD412292E03CD009D5561 /* AppDetailsInfoCell.swift in Sources */,
				C7E0A9F02927C91100FC7A38 /* BaseCollectionCell.swift in Sources */,
				C7EAD420292F9521009D5561 /* AppReviewCell.swift in Sources */,
				C7E0A9FC2927D37F00FC7A38 /* UIView+Extension.swift in Sources */,
				C7E0AA202927F7F100FC7A38 /* Data+Extension.swift in Sources */,
				C7E0AA2A292A7A3E00FC7A38 /* AppsHorizontalListController.swift in Sources */,
				C7EAD41C292F94CE009D5561 /* AppReviewsCell.swift in Sources */,
				C7EAD416292F6BBB009D5561 /* AppScreenshotsPreviewCell.swift in Sources */,
				C7D3A8C929377C23002DBB5C /* TodayFeedsDataSource.swift in Sources */,
				C7E0AA32292A920100FC7A38 /* AppsHeaderCollectionCell.swift in Sources */,
				C7E0AA36292B766F00FC7A38 /* AppsHomeDataSource.swift in Sources */,
				C7E0A9E92927B9B600FC7A38 /* TodayHomeController.swift in Sources */,
				C7E0AA28292A787600FC7A38 /* UILabel+Extension.swift in Sources */,
				C7E0AA102927F2F300FC7A38 /* NetworkReachability.swift in Sources */,
			);
			runOnlyForDeploymentPostprocessing = 0;
		};
/* End PBXSourcesBuildPhase section */

/* Begin PBXVariantGroup section */
		C7E0A9D72927AF1900FC7A38 /* LaunchScreen.storyboard */ = {
			isa = PBXVariantGroup;
			children = (
				C7E0A9D82927AF1900FC7A38 /* Base */,
			);
			name = LaunchScreen.storyboard;
			sourceTree = "<group>";
		};
/* End PBXVariantGroup section */

/* Begin XCBuildConfiguration section */
		C7E0A9DB2927AF1900FC7A38 /* Debug */ = {
			isa = XCBuildConfiguration;
			buildSettings = {
				ALWAYS_SEARCH_USER_PATHS = NO;
				CLANG_ANALYZER_NONNULL = YES;
				CLANG_ANALYZER_NUMBER_OBJECT_CONVERSION = YES_AGGRESSIVE;
				CLANG_CXX_LANGUAGE_STANDARD = "gnu++20";
				CLANG_ENABLE_MODULES = YES;
				CLANG_ENABLE_OBJC_ARC = YES;
				CLANG_ENABLE_OBJC_WEAK = YES;
				CLANG_WARN_BLOCK_CAPTURE_AUTORELEASING = YES;
				CLANG_WARN_BOOL_CONVERSION = YES;
				CLANG_WARN_COMMA = YES;
				CLANG_WARN_CONSTANT_CONVERSION = YES;
				CLANG_WARN_DEPRECATED_OBJC_IMPLEMENTATIONS = YES;
				CLANG_WARN_DIRECT_OBJC_ISA_USAGE = YES_ERROR;
				CLANG_WARN_DOCUMENTATION_COMMENTS = YES;
				CLANG_WARN_EMPTY_BODY = YES;
				CLANG_WARN_ENUM_CONVERSION = YES;
				CLANG_WARN_INFINITE_RECURSION = YES;
				CLANG_WARN_INT_CONVERSION = YES;
				CLANG_WARN_NON_LITERAL_NULL_CONVERSION = YES;
				CLANG_WARN_OBJC_IMPLICIT_RETAIN_SELF = YES;
				CLANG_WARN_OBJC_LITERAL_CONVERSION = YES;
				CLANG_WARN_OBJC_ROOT_CLASS = YES_ERROR;
				CLANG_WARN_QUOTED_INCLUDE_IN_FRAMEWORK_HEADER = YES;
				CLANG_WARN_RANGE_LOOP_ANALYSIS = YES;
				CLANG_WARN_STRICT_PROTOTYPES = YES;
				CLANG_WARN_SUSPICIOUS_MOVE = YES;
				CLANG_WARN_UNGUARDED_AVAILABILITY = YES_AGGRESSIVE;
				CLANG_WARN_UNREACHABLE_CODE = YES;
				CLANG_WARN__DUPLICATE_METHOD_MATCH = YES;
				COPY_PHASE_STRIP = NO;
				DEBUG_INFORMATION_FORMAT = dwarf;
				ENABLE_STRICT_OBJC_MSGSEND = YES;
				ENABLE_TESTABILITY = YES;
				GCC_C_LANGUAGE_STANDARD = gnu11;
				GCC_DYNAMIC_NO_PIC = NO;
				GCC_NO_COMMON_BLOCKS = YES;
				GCC_OPTIMIZATION_LEVEL = 0;
				GCC_PREPROCESSOR_DEFINITIONS = (
					"DEBUG=1",
					"$(inherited)",
				);
				GCC_WARN_64_TO_32_BIT_CONVERSION = YES;
				GCC_WARN_ABOUT_RETURN_TYPE = YES_ERROR;
				GCC_WARN_UNDECLARED_SELECTOR = YES;
				GCC_WARN_UNINITIALIZED_AUTOS = YES_AGGRESSIVE;
				GCC_WARN_UNUSED_FUNCTION = YES;
				GCC_WARN_UNUSED_VARIABLE = YES;
				IPHONEOS_DEPLOYMENT_TARGET = 16.1;
				MTL_ENABLE_DEBUG_INFO = INCLUDE_SOURCE;
				MTL_FAST_MATH = YES;
				ONLY_ACTIVE_ARCH = YES;
				SDKROOT = iphoneos;
				SWIFT_ACTIVE_COMPILATION_CONDITIONS = DEBUG;
				SWIFT_OPTIMIZATION_LEVEL = "-Onone";
			};
			name = Debug;
		};
		C7E0A9DC2927AF1900FC7A38 /* Release */ = {
			isa = XCBuildConfiguration;
			buildSettings = {
				ALWAYS_SEARCH_USER_PATHS = NO;
				CLANG_ANALYZER_NONNULL = YES;
				CLANG_ANALYZER_NUMBER_OBJECT_CONVERSION = YES_AGGRESSIVE;
				CLANG_CXX_LANGUAGE_STANDARD = "gnu++20";
				CLANG_ENABLE_MODULES = YES;
				CLANG_ENABLE_OBJC_ARC = YES;
				CLANG_ENABLE_OBJC_WEAK = YES;
				CLANG_WARN_BLOCK_CAPTURE_AUTORELEASING = YES;
				CLANG_WARN_BOOL_CONVERSION = YES;
				CLANG_WARN_COMMA = YES;
				CLANG_WARN_CONSTANT_CONVERSION = YES;
				CLANG_WARN_DEPRECATED_OBJC_IMPLEMENTATIONS = YES;
				CLANG_WARN_DIRECT_OBJC_ISA_USAGE = YES_ERROR;
				CLANG_WARN_DOCUMENTATION_COMMENTS = YES;
				CLANG_WARN_EMPTY_BODY = YES;
				CLANG_WARN_ENUM_CONVERSION = YES;
				CLANG_WARN_INFINITE_RECURSION = YES;
				CLANG_WARN_INT_CONVERSION = YES;
				CLANG_WARN_NON_LITERAL_NULL_CONVERSION = YES;
				CLANG_WARN_OBJC_IMPLICIT_RETAIN_SELF = YES;
				CLANG_WARN_OBJC_LITERAL_CONVERSION = YES;
				CLANG_WARN_OBJC_ROOT_CLASS = YES_ERROR;
				CLANG_WARN_QUOTED_INCLUDE_IN_FRAMEWORK_HEADER = YES;
				CLANG_WARN_RANGE_LOOP_ANALYSIS = YES;
				CLANG_WARN_STRICT_PROTOTYPES = YES;
				CLANG_WARN_SUSPICIOUS_MOVE = YES;
				CLANG_WARN_UNGUARDED_AVAILABILITY = YES_AGGRESSIVE;
				CLANG_WARN_UNREACHABLE_CODE = YES;
				CLANG_WARN__DUPLICATE_METHOD_MATCH = YES;
				COPY_PHASE_STRIP = NO;
				DEBUG_INFORMATION_FORMAT = "dwarf-with-dsym";
				ENABLE_NS_ASSERTIONS = NO;
				ENABLE_STRICT_OBJC_MSGSEND = YES;
				GCC_C_LANGUAGE_STANDARD = gnu11;
				GCC_NO_COMMON_BLOCKS = YES;
				GCC_WARN_64_TO_32_BIT_CONVERSION = YES;
				GCC_WARN_ABOUT_RETURN_TYPE = YES_ERROR;
				GCC_WARN_UNDECLARED_SELECTOR = YES;
				GCC_WARN_UNINITIALIZED_AUTOS = YES_AGGRESSIVE;
				GCC_WARN_UNUSED_FUNCTION = YES;
				GCC_WARN_UNUSED_VARIABLE = YES;
				IPHONEOS_DEPLOYMENT_TARGET = 16.1;
				MTL_ENABLE_DEBUG_INFO = NO;
				MTL_FAST_MATH = YES;
				SDKROOT = iphoneos;
				SWIFT_COMPILATION_MODE = wholemodule;
				SWIFT_OPTIMIZATION_LEVEL = "-O";
				VALIDATE_PRODUCT = YES;
			};
			name = Release;
		};
		C7E0A9DE2927AF1900FC7A38 /* Debug */ = {
			isa = XCBuildConfiguration;
			buildSettings = {
				ASSETCATALOG_COMPILER_APPICON_NAME = AppIcon;
				ASSETCATALOG_COMPILER_GLOBAL_ACCENT_COLOR_NAME = AccentColor;
				CODE_SIGN_STYLE = Automatic;
				CURRENT_PROJECT_VERSION = 1;
				DEVELOPMENT_TEAM = SV2VAC6NH9;
				GENERATE_INFOPLIST_FILE = YES;
				INFOPLIST_FILE = AppStore/Info.plist;
				INFOPLIST_KEY_CFBundleDisplayName = "App Store";
				INFOPLIST_KEY_UIApplicationSupportsIndirectInputEvents = YES;
				INFOPLIST_KEY_UILaunchStoryboardName = LaunchScreen.storyboard;
				INFOPLIST_KEY_UIStatusBarStyle = "";
				INFOPLIST_KEY_UISupportedInterfaceOrientations = UIInterfaceOrientationPortrait;
				INFOPLIST_KEY_UISupportedInterfaceOrientations_iPad = "UIInterfaceOrientationPortrait UIInterfaceOrientationPortraitUpsideDown";
				IPHONEOS_DEPLOYMENT_TARGET = 16.0;
				LD_RUNPATH_SEARCH_PATHS = (
					"$(inherited)",
					"@executable_path/Frameworks",
				);
				MARKETING_VERSION = 1.0;
				PRODUCT_BUNDLE_IDENTIFIER = com.nitin.demo.AppStore;
				PRODUCT_NAME = "$(TARGET_NAME)";
				SWIFT_EMIT_LOC_STRINGS = YES;
				SWIFT_VERSION = 5.0;
				TARGETED_DEVICE_FAMILY = "1,2";
			};
			name = Debug;
		};
		C7E0A9DF2927AF1900FC7A38 /* Release */ = {
			isa = XCBuildConfiguration;
			buildSettings = {
				ASSETCATALOG_COMPILER_APPICON_NAME = AppIcon;
				ASSETCATALOG_COMPILER_GLOBAL_ACCENT_COLOR_NAME = AccentColor;
				CODE_SIGN_STYLE = Automatic;
				CURRENT_PROJECT_VERSION = 1;
				DEVELOPMENT_TEAM = SV2VAC6NH9;
				GENERATE_INFOPLIST_FILE = YES;
				INFOPLIST_FILE = AppStore/Info.plist;
				INFOPLIST_KEY_CFBundleDisplayName = "App Store";
				INFOPLIST_KEY_UIApplicationSupportsIndirectInputEvents = YES;
				INFOPLIST_KEY_UILaunchStoryboardName = LaunchScreen.storyboard;
				INFOPLIST_KEY_UIStatusBarStyle = "";
				INFOPLIST_KEY_UISupportedInterfaceOrientations = UIInterfaceOrientationPortrait;
				INFOPLIST_KEY_UISupportedInterfaceOrientations_iPad = "UIInterfaceOrientationPortrait UIInterfaceOrientationPortraitUpsideDown";
				IPHONEOS_DEPLOYMENT_TARGET = 16.0;
				LD_RUNPATH_SEARCH_PATHS = (
					"$(inherited)",
					"@executable_path/Frameworks",
				);
				MARKETING_VERSION = 1.0;
				PRODUCT_BUNDLE_IDENTIFIER = com.nitin.demo.AppStore;
				PRODUCT_NAME = "$(TARGET_NAME)";
				SWIFT_EMIT_LOC_STRINGS = YES;
				SWIFT_VERSION = 5.0;
				TARGETED_DEVICE_FAMILY = "1,2";
			};
			name = Release;
		};
/* End XCBuildConfiguration section */

/* Begin XCConfigurationList section */
		C7E0A9C42927AF1600FC7A38 /* Build configuration list for PBXProject "AppStore" */ = {
			isa = XCConfigurationList;
			buildConfigurations = (
				C7E0A9DB2927AF1900FC7A38 /* Debug */,
				C7E0A9DC2927AF1900FC7A38 /* Release */,
			);
			defaultConfigurationIsVisible = 0;
			defaultConfigurationName = Release;
		};
		C7E0A9DD2927AF1900FC7A38 /* Build configuration list for PBXNativeTarget "AppStore" */ = {
			isa = XCConfigurationList;
			buildConfigurations = (
				C7E0A9DE2927AF1900FC7A38 /* Debug */,
				C7E0A9DF2927AF1900FC7A38 /* Release */,
			);
			defaultConfigurationIsVisible = 0;
			defaultConfigurationName = Release;
		};
/* End XCConfigurationList section */

/* Begin XCRemoteSwiftPackageReference section */
		C7E0A9F82927D34700FC7A38 /* XCRemoteSwiftPackageReference "SnapKit" */ = {
			isa = XCRemoteSwiftPackageReference;
			repositoryURL = "https://github.com/SnapKit/SnapKit.git";
			requirement = {
				branch = develop;
				kind = branch;
			};
		};
		C7E0AA022927ED9900FC7A38 /* XCRemoteSwiftPackageReference "SDWebImage" */ = {
			isa = XCRemoteSwiftPackageReference;
			repositoryURL = "https://github.com/SDWebImage/SDWebImage.git";
			requirement = {
				kind = upToNextMajorVersion;
				minimumVersion = 5.0.0;
			};
		};
		C7E0AA0C2927F2CB00FC7A38 /* XCRemoteSwiftPackageReference "Reachability" */ = {
			isa = XCRemoteSwiftPackageReference;
			repositoryURL = "https://github.com/ashleymills/Reachability.swift";
			requirement = {
				branch = master;
				kind = branch;
			};
		};
		C7E0AA132927F3A900FC7A38 /* XCRemoteSwiftPackageReference "CocoaLumberjack" */ = {
			isa = XCRemoteSwiftPackageReference;
			repositoryURL = "https://github.com/CocoaLumberjack/CocoaLumberjack.git";
			requirement = {
				branch = master;
				kind = branch;
			};
		};
/* End XCRemoteSwiftPackageReference section */

/* Begin XCSwiftPackageProductDependency section */
		C7E0A9F92927D34700FC7A38 /* SnapKit */ = {
			isa = XCSwiftPackageProductDependency;
			package = C7E0A9F82927D34700FC7A38 /* XCRemoteSwiftPackageReference "SnapKit" */;
			productName = SnapKit;
		};
		C7E0AA032927ED9900FC7A38 /* SDWebImage */ = {
			isa = XCSwiftPackageProductDependency;
			package = C7E0AA022927ED9900FC7A38 /* XCRemoteSwiftPackageReference "SDWebImage" */;
			productName = SDWebImage;
		};
		C7E0AA0D2927F2CB00FC7A38 /* Reachability */ = {
			isa = XCSwiftPackageProductDependency;
			package = C7E0AA0C2927F2CB00FC7A38 /* XCRemoteSwiftPackageReference "Reachability" */;
			productName = Reachability;
		};
		C7E0AA142927F3A900FC7A38 /* CocoaLumberjackSwift */ = {
			isa = XCSwiftPackageProductDependency;
			package = C7E0AA132927F3A900FC7A38 /* XCRemoteSwiftPackageReference "CocoaLumberjack" */;
			productName = CocoaLumberjackSwift;
		};
/* End XCSwiftPackageProductDependency section */
	};
	rootObject = C7E0A9C12927AF1600FC7A38 /* Project object */;
}
